
Microsoft Visual Studio Solution File, Format Version 12.00
# Visual Studio 14
VisualStudioVersion = 14.0.25123.0
MinimumVisualStudioVersion = 10.0.40219.1
Project("{FAE04EC0-301F-11D3-BF4B-00C04F79EFBC}") = "Paylocity.Web", "Paylocity.Web\Paylocity.Web.csproj", "{B1A55EC1-9673-4EFE-BE34-5699AE75024E}"
EndProject
Project("{FAE04EC0-301F-11D3-BF4B-00C04F79EFBC}") = "Paylocity.Web.Tests", "Paylocity.Web.Tests\Paylocity.Web.Tests.csproj", "{E4FAF97F-002A-437A-80B4-1A77C83A3D5B}"
EndProject
Global
	GlobalSection(SolutionConfigurationPlatforms) = preSolution
		Debug|Any CPU = Debug|Any CPU
		Release|Any CPU = Release|Any CPU
	EndGlobalSection
	GlobalSection(ProjectConfigurationPlatforms) = postSolution
		{B1A55EC1-9673-4EFE-BE34-5699AE75024E}.Debug|Any CPU.ActiveCfg = Debug|Any CPU
		{B1A55EC1-9673-4EFE-BE34-5699AE75024E}.Debug|Any CPU.Build.0 = Debug|Any CPU
		{B1A55EC1-9673-4EFE-BE34-5699AE75024E}.Release|Any CPU.ActiveCfg = Release|Any CPU
		{B1A55EC1-9673-4EFE-BE34-5699AE75024E}.Release|Any CPU.Build.0 = Release|Any CPU
		{E4FAF97F-002A-437A-80B4-1A77C83A3D5B}.Debug|Any CPU.ActiveCfg = Debug|Any CPU
		{E4FAF97F-002A-437A-80B4-1A77C83A3D5B}.Debug|Any CPU.Build.0 = Debug|Any CPU
		{E4FAF97F-002A-437A-80B4-1A77C83A3D5B}.Release|Any CPU.ActiveCfg = Release|Any CPU
		{E4FAF97F-002A-437A-80B4-1A77C83A3D5B}.Release|Any CPU.Build.0 = Release|Any CPU
	EndGlobalSection
	GlobalSection(SolutionProperties) = preSolution
		HideSolutionNode = FALSE
	EndGlobalSection
EndGlobal
